
Microsoft Visual Studio Solution File, Format Version 12.00
# Visual Studio Version 17
VisualStudioVersion = 17.3.32825.248
MinimumVisualStudioVersion = 10.0.40219.1
Project("{9A19103F-16F7-4668-BE54-9A1E7A4F7556}") = "SoulsAssetPipeline", "SoulsAssetPipeline.csproj", "{5D8E152C-24C1-49DC-874A-3E362024D62E}"
EndProject
Global
	GlobalSection(SolutionConfigurationPlatforms) = preSolution
		Debug|Any CPU = Debug|Any CPU
		Debug|x64 = Debug|x64
		DebugNF|Any CPU = DebugNF|Any CPU
		DebugNF|x64 = DebugNF|x64
		Release|Any CPU = Release|Any CPU
		Release|x64 = Release|x64
	EndGlobalSection
	GlobalSection(ProjectConfigurationPlatforms) = postSolution
		{5D8E152C-24C1-49DC-874A-3E362024D62E}.Debug|Any CPU.ActiveCfg = Debug|Any CPU
		{5D8E152C-24C1-49DC-874A-3E362024D62E}.Debug|Any CPU.Build.0 = Debug|Any CPU
		{5D8E152C-24C1-49DC-874A-3E362024D62E}.Debug|x64.ActiveCfg = Debug|x64
		{5D8E152C-24C1-49DC-874A-3E362024D62E}.Debug|x64.Build.0 = Debug|x64
		{5D8E152C-24C1-49DC-874A-3E362024D62E}.DebugNF|Any CPU.ActiveCfg = DebugNF|Any CPU
		{5D8E152C-24C1-49DC-874A-3E362024D62E}.DebugNF|Any CPU.Build.0 = DebugNF|Any CPU
		{5D8E152C-24C1-49DC-874A-3E362024D62E}.DebugNF|x64.ActiveCfg = DebugNF|x64
		{5D8E152C-24C1-49DC-874A-3E362024D62E}.DebugNF|x64.Build.0 = DebugNF|x64
		{5D8E152C-24C1-49DC-874A-3E362024D62E}.Release|Any CPU.ActiveCfg = Release|Any CPU
		{5D8E152C-24C1-49DC-874A-3E362024D62E}.Release|Any CPU.Build.0 = Release|Any CPU
		{5D8E152C-24C1-49DC-874A-3E362024D62E}.Release|x64.ActiveCfg = Release|x64
		{5D8E152C-24C1-49DC-874A-3E362024D62E}.Release|x64.Build.0 = Release|x64
	EndGlobalSection
	GlobalSection(SolutionProperties) = preSolution
		HideSolutionNode = FALSE
	EndGlobalSection
	GlobalSection(ExtensibilityGlobals) = postSolution
		SolutionGuid = {2A9468FD-F3DC-4ECD-8589-DADB760FB824}
	EndGlobalSection
EndGlobal
